
Microsoft Visual Studio Solution File, Format Version 12.00
# Visual Studio Version 17
VisualStudioVersion = 17.14.36310.24
MinimumVisualStudioVersion = 10.0.40219.1
Project("{FAE04EC0-301F-11D3-BF4B-00C04F79EFBC}") = "LegacyOrderService", "LegacyOrderService.csproj", "{0DE7CA35-977E-44D0-B7F8-A2DD544D8711}"
EndProject
Project("{FAE04EC0-301F-11D3-BF4B-00C04F79EFBC}") = "OrderServiceTest", "..\OrderServiceTest\OrderServiceTest.csproj", "{DBDAC382-E457-4197-974A-9820D08B3B82}"
EndProject
Global
	GlobalSection(SolutionConfigurationPlatforms) = preSolution
		Debug|Any CPU = Debug|Any CPU
		Release|Any CPU = Release|Any CPU
	EndGlobalSection
	GlobalSection(ProjectConfigurationPlatforms) = postSolution
		{0DE7CA35-977E-44D0-B7F8-A2DD544D8711}.Debug|Any CPU.ActiveCfg = Debug|Any CPU
		{0DE7CA35-977E-44D0-B7F8-A2DD544D8711}.Debug|Any CPU.Build.0 = Debug|Any CPU
		{0DE7CA35-977E-44D0-B7F8-A2DD544D8711}.Release|Any CPU.ActiveCfg = Release|Any CPU
		{0DE7CA35-977E-44D0-B7F8-A2DD544D8711}.Release|Any CPU.Build.0 = Release|Any CPU
		{DBDAC382-E457-4197-974A-9820D08B3B82}.Debug|Any CPU.ActiveCfg = Debug|Any CPU
		{DBDAC382-E457-4197-974A-9820D08B3B82}.Debug|Any CPU.Build.0 = Debug|Any CPU
		{DBDAC382-E457-4197-974A-9820D08B3B82}.Release|Any CPU.ActiveCfg = Release|Any CPU
		{DBDAC382-E457-4197-974A-9820D08B3B82}.Release|Any CPU.Build.0 = Release|Any CPU
	EndGlobalSection
	GlobalSection(SolutionProperties) = preSolution
		HideSolutionNode = FALSE
	EndGlobalSection
	GlobalSection(ExtensibilityGlobals) = postSolution
		SolutionGuid = {A4593E9B-9B15-46AC-98CC-3F540B1D1285}
	EndGlobalSection
EndGlobal
